
Microsoft Visual Studio Solution File, Format Version 12.00
# Visual Studio Version 17
VisualStudioVersion = 17.7.34031.279
MinimumVisualStudioVersion = 10.0.40219.1
Project("{FAE04EC0-301F-11D3-BF4B-00C04F79EFBC}") = "ParPolicyAdmin", "ParPolicyAdmin\ParPolicyAdmin.csproj", "{164F12E8-8DD8-4F9B-BDB0-26AA25A82365}"
EndProject
Project("{FAE04EC0-301F-11D3-BF4B-00C04F79EFBC}") = "BusinessLogic", "BusinessLogic\BusinessLogic.csproj", "{5FB1BB12-F153-41A8-B840-C4697B78119D}"
EndProject
Project("{FAE04EC0-301F-11D3-BF4B-00C04F79EFBC}") = "ParPolicyConsole", "ParPolicyConsole\ParPolicyConsole.csproj", "{10FFECBC-5EC3-4BBE-B351-15A763B7F8C2}"
EndProject
Global
	GlobalSection(SolutionConfigurationPlatforms) = preSolution
		Debug|Any CPU = Debug|Any CPU
		Release|Any CPU = Release|Any CPU
	EndGlobalSection
	GlobalSection(ProjectConfigurationPlatforms) = postSolution
		{164F12E8-8DD8-4F9B-BDB0-26AA25A82365}.Debug|Any CPU.ActiveCfg = Debug|Any CPU
		{164F12E8-8DD8-4F9B-BDB0-26AA25A82365}.Debug|Any CPU.Build.0 = Debug|Any CPU
		{164F12E8-8DD8-4F9B-BDB0-26AA25A82365}.Release|Any CPU.ActiveCfg = Release|Any CPU
		{164F12E8-8DD8-4F9B-BDB0-26AA25A82365}.Release|Any CPU.Build.0 = Release|Any CPU
		{5FB1BB12-F153-41A8-B840-C4697B78119D}.Debug|Any CPU.ActiveCfg = Debug|Any CPU
		{5FB1BB12-F153-41A8-B840-C4697B78119D}.Debug|Any CPU.Build.0 = Debug|Any CPU
		{5FB1BB12-F153-41A8-B840-C4697B78119D}.Release|Any CPU.ActiveCfg = Release|Any CPU
		{5FB1BB12-F153-41A8-B840-C4697B78119D}.Release|Any CPU.Build.0 = Release|Any CPU
		{10FFECBC-5EC3-4BBE-B351-15A763B7F8C2}.Debug|Any CPU.ActiveCfg = Debug|Any CPU
		{10FFECBC-5EC3-4BBE-B351-15A763B7F8C2}.Debug|Any CPU.Build.0 = Debug|Any CPU
		{10FFECBC-5EC3-4BBE-B351-15A763B7F8C2}.Release|Any CPU.ActiveCfg = Release|Any CPU
		{10FFECBC-5EC3-4BBE-B351-15A763B7F8C2}.Release|Any CPU.Build.0 = Release|Any CPU
	EndGlobalSection
	GlobalSection(SolutionProperties) = preSolution
		HideSolutionNode = FALSE
	EndGlobalSection
	GlobalSection(ExtensibilityGlobals) = postSolution
		SolutionGuid = {2B21A48B-22EB-44AD-860B-D6EA3AE98E84}
	EndGlobalSection
EndGlobal
